<?xml version="1.0" encoding="utf-8"?>
<Project ToolsVersion="4.0" xmlns="http://schemas.microsoft.com/developer/msbuild/2003">
  <ItemGroup>
    <ClCompile Include="App.cpp" />
    <ClCompile Include="pch.cpp" />
    <ClCompile Include="Graphics\Utilities\DeviceResources.cpp">
      <Filter>Graphics\Utilities</Filter>
    </ClCompile>
    <ClCompile Include="Main.cpp" />
    <ClCompile Include="Graphics\Rendering\MasterRenderer.cpp">
      <Filter>Graphics\Rendering</Filter>
    </ClCompile>
    <ClCompile Include="Devices\BLE.cpp">
      <Filter>Devices</Filter>
    </ClCompile>
    <ClCompile Include="Devices\Sensors\Accelerometer.cpp">
      <Filter>Devices\Sensors</Filter>
    </ClCompile>
    <ClCompile Include="Devices\Sensors\Gyroscope.cpp">
      <Filter>Devices\Sensors</Filter>
    </ClCompile>
    <ClCompile Include="Devices\Sensors\Magnetometer.cpp">
      <Filter>Devices\Sensors</Filter>
    </ClCompile>
    <ClCompile Include="Devices\Sensors\Sensor.cpp">
      <Filter>Devices\Sensors</Filter>
    </ClCompile>
    <ClCompile Include="..\Firmware\MEMs_Drivers\sensor_settings.c">
      <Filter>Devices\Sensors\Drivers</Filter>
    </ClCompile>
    <ClCompile Include="Devices\IMU.cpp">
      <Filter>Devices</Filter>
    </ClCompile>
    <ClCompile Include="Devices\PersonalCaddie.cpp">
      <Filter>Devices</Filter>
    </ClCompile>
    <ClCompile Include="Math\quaternion_functions.cpp">
      <Filter>Math</Filter>
    </ClCompile>
    <ClCompile Include="Math\sensor_fusion.cpp">
      <Filter>Math</Filter>
    </ClCompile>
    <ClCompile Include="Modes\ModeScreen.cpp">
      <Filter>Modes</Filter>
    </ClCompile>
    <ClCompile Include="Input\InputProcessor.cpp">
      <Filter>Input</Filter>
    </ClCompile>
    <ClCompile Include="Modes\Mode.cpp">
      <Filter>Modes</Filter>
    </ClCompile>
    <ClCompile Include="Modes\MainMenuMode.cpp">
      <Filter>Modes</Filter>
    </ClCompile>
    <ClCompile Include="Modes\SettingsMenuMode.cpp">
      <Filter>Modes</Filter>
    </ClCompile>
    <ClCompile Include="Modes\DeviceDiscoveryMode.cpp">
      <Filter>Modes</Filter>
    </ClCompile>
    <ClCompile Include="Graphics\Objects\2D\UIText.cpp">
      <Filter>Graphics\Objects\2D</Filter>
    </ClCompile>
    <ClCompile Include="Graphics\Objects\2D\UIShape.cpp">
      <Filter>Graphics\Objects\2D</Filter>
    </ClCompile>
    <ClCompile Include="Graphics\Rendering\UIElementRenderer.cpp">
      <Filter>Graphics\Rendering</Filter>
    </ClCompile>
    <ClCompile Include="Graphics\Utilities\UIElementColors.cpp">
      <Filter>Graphics\Utilities</Filter>
    </ClCompile>
    <ClCompile Include="Modes\UITestMode.cpp">
      <Filter>Modes</Filter>
    </ClCompile>
    <ClCompile Include="Graphics\Objects\2D\BasicElements\Box.cpp">
      <Filter>Graphics\Objects\2D\BasicElements</Filter>
    </ClCompile>
    <ClCompile Include="Graphics\Objects\2D\Buttons\Button.cpp">
      <Filter>Graphics\Objects\2D\Buttons</Filter>
    </ClCompile>
    <ClCompile Include="Graphics\Objects\2D\BasicElements\Line.cpp">
      <Filter>Graphics\Objects\2D\BasicElements</Filter>
    </ClCompile>
    <ClCompile Include="Graphics\Objects\2D\TextBoxes\PartialScrollingTextBox.cpp">
      <Filter>Graphics\Objects\2D\TextBoxes</Filter>
    </ClCompile>
    <ClCompile Include="Graphics\Objects\2D\TextBoxes\FullScrollingTextBox.cpp">
      <Filter>Graphics\Objects\2D\TextBoxes</Filter>
    </ClCompile>
    <ClCompile Include="Graphics\Objects\2D\UIElement.cpp">
      <Filter>Graphics\Objects\2D</Filter>
    </ClCompile>
    <ClCompile Include="Graphics\Objects\2D\BasicElements\TextOverlay.cpp">
      <Filter>Graphics\Objects\2D\BasicElements</Filter>
    </ClCompile>
    <ClCompile Include="Graphics\Objects\2D\TextBoxes\HighlightableTextOverlay.cpp">
      <Filter>Graphics\Objects\2D\TextBoxes</Filter>
    </ClCompile>
    <ClCompile Include="Graphics\Objects\2D\TextBoxes\TextBox.cpp">
      <Filter>Graphics\Objects\2D\TextBoxes</Filter>
    </ClCompile>
    <ClCompile Include="Modes\DevelopmentMenuMode.cpp">
      <Filter>Modes</Filter>
    </ClCompile>
    <ClCompile Include="Modes\GraphMode.cpp">
      <Filter>Modes</Filter>
    </ClCompile>
    <ClCompile Include="Graphics\Objects\2D\Graph\Graph.cpp">
      <Filter>Graphics\Objects\2D\Graph</Filter>
    </ClCompile>
    <ClCompile Include="Graphics\Objects\2D\TextBoxes\DropDownMenu.cpp">
      <Filter>Graphics\Objects\2D\TextBoxes</Filter>
    </ClCompile>
    <ClCompile Include="Modes\IMUSettingsMode.cpp">
      <Filter>Modes</Filter>
    </ClCompile>
    <ClCompile Include="Graphics\Objects\3D\Meshes\FaceMesh.cpp">
      <Filter>Graphics\Objects\3D\Meshes</Filter>
    </ClCompile>
    <ClCompile Include="Graphics\Objects\3D\Elements\Face.cpp">
      <Filter>Graphics\Objects\3D\Elements</Filter>
    </ClCompile>
    <ClCompile Include="Graphics\Objects\3D\Elements\VolumeElement.cpp">
      <Filter>Graphics\Objects\3D\Elements</Filter>
    </ClCompile>
    <ClCompile Include="Graphics\Objects\3D\Animate.cpp">
      <Filter>Graphics\Objects\3D</Filter>
    </ClCompile>
    <ClCompile Include="Graphics\Rendering\Material.cpp">
      <Filter>Graphics\Rendering</Filter>
    </ClCompile>
    <ClCompile Include="Graphics\Objects\3D\Meshes\MeshObject.cpp">
      <Filter>Graphics\Objects\3D\Meshes</Filter>
    </ClCompile>
    <ClCompile Include="Graphics\Objects\3D\Camera.cpp">
      <Filter>Graphics\Objects\3D</Filter>
    </ClCompile>
    <ClCompile Include="Modes\MadgwickTestMode.cpp">
      <Filter>Modes</Filter>
    </ClCompile>
    <ClCompile Include="Graphics\Utilities\BasicLoader.cpp">
      <Filter>Graphics\Utilities</Filter>
    </ClCompile>
    <ClCompile Include="Graphics\Utilities\BasicReaderWriter.cpp">
      <Filter>Graphics\Utilities</Filter>
    </ClCompile>
    <ClCompile Include="Graphics\Utilities\DDSTextureLoader.cpp">
      <Filter>Graphics\Utilities</Filter>
    </ClCompile>
    <ClCompile Include="Graphics\Objects\2D\BasicElements\Ellipse.cpp">
      <Filter>Graphics\Objects\2D\BasicElements</Filter>
    </ClCompile>
    <ClCompile Include="Math\ellipse_math.cpp" />
    <ClCompile Include="Modes\CalibrationMode.cpp">
      <Filter>Modes</Filter>
    </ClCompile>
    <ClCompile Include="Math\SensorFusion\FusionAhrs.cpp">
      <Filter>Math\SensorFusion</Filter>
    </ClCompile>
    <ClCompile Include="Math\SensorFusion\FusionOffset.cpp">
      <Filter>Math\SensorFusion</Filter>
    </ClCompile>
  </ItemGroup>
  <ItemGroup>
    <ClInclude Include="pch.h" />
    <ClInclude Include="Main.h" />
    <ClInclude Include="Graphics\Utilities\DeviceResources.h">
      <Filter>Graphics\Utilities</Filter>
    </ClInclude>
    <ClInclude Include="Graphics\Rendering\MasterRenderer.h">
      <Filter>Graphics\Rendering</Filter>
    </ClInclude>
    <ClInclude Include="Graphics\Utilities\GraphicsHelpers.h">
      <Filter>Graphics\Utilities</Filter>
    </ClInclude>
    <ClInclude Include="UIConstants.h" />
    <ClInclude Include="Devices\BLE.h">
      <Filter>Devices</Filter>
    </ClInclude>
    <ClInclude Include="Math\glm.h">
      <Filter>Math</Filter>
    </ClInclude>
    <ClInclude Include="Devices\Sensors\Accelerometer.h">
      <Filter>Devices\Sensors</Filter>
    </ClInclude>
    <ClInclude Include="Devices\Sensors\Gyroscope.h">
      <Filter>Devices\Sensors</Filter>
    </ClInclude>
    <ClInclude Include="Devices\Sensors\Magnetometer.h">
      <Filter>Devices\Sensors</Filter>
    </ClInclude>
    <ClInclude Include="Devices\Sensors\Sensor.h">
      <Filter>Devices\Sensors</Filter>
    </ClInclude>
    <ClInclude Include="..\Firmware\MEMs_Drivers\lsm9ds1_reg.h">
      <Filter>Devices\Sensors\Drivers</Filter>
    </ClInclude>
    <ClInclude Include="..\Firmware\MEMs_Drivers\sensor_settings.h">
      <Filter>Devices\Sensors\Drivers</Filter>
    </ClInclude>
    <ClInclude Include="constants.h" />
    <ClInclude Include="Devices\IMU.h">
      <Filter>Devices</Filter>
    </ClInclude>
    <ClInclude Include="Devices\PersonalCaddie.h">
      <Filter>Devices</Filter>
    </ClInclude>
    <ClInclude Include="Math\quaternion_functions.h">
      <Filter>Math</Filter>
    </ClInclude>
    <ClInclude Include="Math\sensor_fusion.h">
      <Filter>Math</Filter>
    </ClInclude>
    <ClInclude Include="Modes\ModeScreen.h">
      <Filter>Modes</Filter>
    </ClInclude>
    <ClInclude Include="Input\InputProcessor.h">
      <Filter>Input</Filter>
    </ClInclude>
    <ClInclude Include="Modes\Mode.h">
      <Filter>Modes</Filter>
    </ClInclude>
    <ClInclude Include="Modes\MainMenuMode.h">
      <Filter>Modes</Filter>
    </ClInclude>
    <ClInclude Include="Modes\SettingsMenuMode.h">
      <Filter>Modes</Filter>
    </ClInclude>
    <ClInclude Include="Modes\DeviceDiscoveryMode.h">
      <Filter>Modes</Filter>
    </ClInclude>
    <ClInclude Include="Graphics\Objects\2D\Interfaces\IScrollableUI.h">
      <Filter>Graphics\Objects\2D\Interfaces</Filter>
    </ClInclude>
    <ClInclude Include="Graphics\Objects\2D\UIText.h">
      <Filter>Graphics\Objects\2D</Filter>
    </ClInclude>
    <ClInclude Include="Graphics\Objects\2D\UIShape.h">
      <Filter>Graphics\Objects\2D</Filter>
    </ClInclude>
    <ClInclude Include="Graphics\Rendering\UIElementRenderer.h">
      <Filter>Graphics\Rendering</Filter>
    </ClInclude>
    <ClInclude Include="Graphics\Objects\2D\Interfaces\IClickableUI.h">
      <Filter>Graphics\Objects\2D\Interfaces</Filter>
    </ClInclude>
    <ClInclude Include="Graphics\Objects\2D\Interfaces\IHoverableUI.h">
      <Filter>Graphics\Objects\2D\Interfaces</Filter>
    </ClInclude>
    <ClInclude Include="Graphics\Objects\2D\UIElements.h">
      <Filter>Graphics\Objects\2D</Filter>
    </ClInclude>
    <ClInclude Include="Graphics\Utilities\UIElementColors.h">
      <Filter>Graphics\Utilities</Filter>
    </ClInclude>
    <ClInclude Include="Modes\UITestMode.h">
      <Filter>Modes</Filter>
    </ClInclude>
    <ClInclude Include="Graphics\Objects\2D\BasicElements\Box.h">
      <Filter>Graphics\Objects\2D\BasicElements</Filter>
    </ClInclude>
    <ClInclude Include="Graphics\Objects\2D\BasicElements\OutlinedBox.h">
      <Filter>Graphics\Objects\2D\BasicElements</Filter>
    </ClInclude>
    <ClInclude Include="Graphics\Objects\2D\BasicElements\ShadowedBox.h">
      <Filter>Graphics\Objects\2D\BasicElements</Filter>
    </ClInclude>
    <ClInclude Include="Graphics\Objects\2D\Buttons\Button.h">
      <Filter>Graphics\Objects\2D\Buttons</Filter>
    </ClInclude>
    <ClInclude Include="Graphics\Objects\2D\Buttons\TextButton.h">
      <Filter>Graphics\Objects\2D\Buttons</Filter>
    </ClInclude>
    <ClInclude Include="Graphics\Objects\2D\Buttons\ArrowButton.h">
      <Filter>Graphics\Objects\2D\Buttons</Filter>
    </ClInclude>
    <ClInclude Include="Graphics\Objects\2D\BasicElements\Line.h">
      <Filter>Graphics\Objects\2D\BasicElements</Filter>
    </ClInclude>
    <ClInclude Include="Graphics\Objects\2D\TextBoxes\PartialScrollingTextBox.h">
      <Filter>Graphics\Objects\2D\TextBoxes</Filter>
    </ClInclude>
    <ClInclude Include="Graphics\Objects\2D\Interfaces\ITextDimensionsUI.h">
      <Filter>Graphics\Objects\2D\Interfaces</Filter>
    </ClInclude>
    <ClInclude Include="Graphics\Objects\2D\TextBoxes\FullScrollingTextBox.h">
      <Filter>Graphics\Objects\2D\TextBoxes</Filter>
    </ClInclude>
    <ClInclude Include="Graphics\Objects\2D\UIElement.h">
      <Filter>Graphics\Objects\2D</Filter>
    </ClInclude>
    <ClInclude Include="Graphics\Objects\2D\BasicElements\TextOverlay.h">
      <Filter>Graphics\Objects\2D\BasicElements</Filter>
    </ClInclude>
    <ClInclude Include="Graphics\Objects\2D\TextBoxes\HighlightableTextOverlay.h">
      <Filter>Graphics\Objects\2D\TextBoxes</Filter>
    </ClInclude>
    <ClInclude Include="Graphics\Objects\2D\TextBoxes\TextBox.h">
      <Filter>Graphics\Objects\2D\TextBoxes</Filter>
    </ClInclude>
    <ClInclude Include="Modes\DevelopmentMenuMode.h">
      <Filter>Modes</Filter>
    </ClInclude>
    <ClInclude Include="Modes\GraphMode.h">
      <Filter>Modes</Filter>
    </ClInclude>
    <ClInclude Include="Graphics\Objects\2D\Graph\Graph.h">
      <Filter>Graphics\Objects\2D\Graph</Filter>
    </ClInclude>
    <ClInclude Include="Graphics\Objects\2D\TextBoxes\DropDownMenu.h">
      <Filter>Graphics\Objects\2D\TextBoxes</Filter>
    </ClInclude>
    <ClInclude Include="Modes\IMUSettingsMode.h">
      <Filter>Modes</Filter>
    </ClInclude>
    <ClInclude Include="Graphics\Objects\3D\Meshes\FaceMesh.h">
      <Filter>Graphics\Objects\3D\Meshes</Filter>
    </ClInclude>
    <ClInclude Include="Graphics\Objects\3D\Elements\Face.h">
      <Filter>Graphics\Objects\3D\Elements</Filter>
    </ClInclude>
    <ClInclude Include="Graphics\Objects\3D\Elements\VolumeElement.h">
      <Filter>Graphics\Objects\3D\Elements</Filter>
    </ClInclude>
    <ClInclude Include="Graphics\Objects\3D\Animate.h">
      <Filter>Graphics\Objects\3D</Filter>
    </ClInclude>
    <ClInclude Include="Graphics\Rendering\Material.h">
      <Filter>Graphics\Rendering</Filter>
    </ClInclude>
    <ClInclude Include="Graphics\Objects\3D\Meshes\MeshObject.h">
      <Filter>Graphics\Objects\3D\Meshes</Filter>
    </ClInclude>
    <ClInclude Include="Graphics\Rendering\ConstantBuffers.h">
      <Filter>Graphics\Rendering</Filter>
    </ClInclude>
    <ClInclude Include="Graphics\Objects\3D\Camera.h">
      <Filter>Graphics\Objects\3D</Filter>
    </ClInclude>
    <ClInclude Include="Modes\MadgwickTestMode.h">
      <Filter>Modes</Filter>
    </ClInclude>
    <ClInclude Include="Graphics\Utilities\BasicLoader.h">
      <Filter>Graphics\Utilities</Filter>
    </ClInclude>
    <ClInclude Include="Graphics\Utilities\BasicReaderWriter.h">
      <Filter>Graphics\Utilities</Filter>
    </ClInclude>
    <ClInclude Include="Graphics\Utilities\BasicShapes.h">
      <Filter>Graphics\Utilities</Filter>
    </ClInclude>
    <ClInclude Include="Graphics\Utilities\BasicMath.h">
      <Filter>Graphics\Utilities</Filter>
    </ClInclude>
    <ClInclude Include="Graphics\Utilities\DDSTextureLoader.h">
      <Filter>Graphics\Utilities</Filter>
    </ClInclude>
    <ClInclude Include="Graphics\Utilities\DirectXSample.h">
      <Filter>Graphics\Utilities</Filter>
    </ClInclude>
    <ClInclude Include="..\Firmware\MEMs_Drivers\NXP\fxos8700\src\fxos8700_driver.h">
      <Filter>Devices\Sensors\Drivers</Filter>
    </ClInclude>
    <ClInclude Include="..\Firmware\MEMs_Drivers\NXP\fxas21002\fxas21002_regdef.h">
      <Filter>Devices\Sensors\Drivers</Filter>
    </ClInclude>
    <ClInclude Include="Graphics\Objects\2D\BasicElements\Ellipse.h">
      <Filter>Graphics\Objects\2D\BasicElements</Filter>
    </ClInclude>
    <ClInclude Include="Math\eigen.h" />
    <ClInclude Include="Math\ellipse_math.h" />
    <ClInclude Include="Modes\CalibrationMode.h">
      <Filter>Modes</Filter>
    </ClInclude>
    <ClInclude Include="Math\SensorFusion\FusionAhrs.h">
      <Filter>Math\SensorFusion</Filter>
    </ClInclude>
    <ClInclude Include="Math\SensorFusion\FusionConvention.h">
      <Filter>Math\SensorFusion</Filter>
    </ClInclude>
    <ClInclude Include="Math\SensorFusion\FusionMath.h">
      <Filter>Math\SensorFusion</Filter>
    </ClInclude>
    <ClInclude Include="Math\SensorFusion\FusionOffset.h">
      <Filter>Math\SensorFusion</Filter>
    </ClInclude>
  </ItemGroup>
  <ItemGroup>
    <Image Include="Assets\Wide310x150Logo.scale-200.png">
      <Filter>Assets</Filter>
    </Image>
    <Image Include="Assets\StoreLogo.png">
      <Filter>Assets</Filter>
    </Image>
    <Image Include="Assets\Square150x150Logo.scale-200.png">
      <Filter>Assets</Filter>
    </Image>
    <Image Include="Assets\Square44x44Logo.targetsize-24_altform-unplated.png">
      <Filter>Assets</Filter>
    </Image>
    <Image Include="Assets\Square44x44Logo.scale-200.png">
      <Filter>Assets</Filter>
    </Image>
    <Image Include="Assets\SplashScreen.scale-200.png">
      <Filter>Assets</Filter>
    </Image>
    <Image Include="Assets\LockScreenLogo.scale-200.png">
      <Filter>Assets</Filter>
    </Image>
    <Image Include="Assets\seafloor.dds">
      <Filter>Assets</Filter>
    </Image>
    <Image Include="Assets\cellceiling.dds">
      <Filter>Assets</Filter>
    </Image>
    <Image Include="Assets\cellfloor.dds">
      <Filter>Assets</Filter>
    </Image>
    <Image Include="Assets\cellwall.dds">
      <Filter>Assets</Filter>
    </Image>
    <Image Include="Assets\metal_texture.dds">
      <Filter>Assets</Filter>
    </Image>
    <Image Include="Assets\Sensor_Top.dds">
      <Filter>Assets</Filter>
    </Image>
    <Image Include="Assets\Sensor_Bottom.dds">
      <Filter>Assets</Filter>
    </Image>
    <Image Include="Assets\Sensor_Long_Side.dds">
      <Filter>Assets</Filter>
    </Image>
    <Image Include="Assets\Sensor_Short_Side.dds">
      <Filter>Assets</Filter>
    </Image>
  </ItemGroup>
  <ItemGroup>
    <AppxManifest Include="Package.appxmanifest" />
  </ItemGroup>
  <ItemGroup>
    <Filter Include="Assets">
      <UniqueIdentifier>{db9086fe-bacc-4437-8272-1aa6642082db}</UniqueIdentifier>
    </Filter>
    <Filter Include="Graphics">
      <UniqueIdentifier>{87e2f606-b1e2-4a3b-b9c4-366b1dec4620}</UniqueIdentifier>
    </Filter>
    <Filter Include="Graphics\Utilities">
      <UniqueIdentifier>{895cd07c-ce7b-4751-880b-f844a3879e76}</UniqueIdentifier>
    </Filter>
    <Filter Include="Graphics\Rendering">
      <UniqueIdentifier>{e2fa7056-f716-4728-916e-593a10dd4232}</UniqueIdentifier>
    </Filter>
    <Filter Include="Devices">
      <UniqueIdentifier>{c420e319-56cd-4f48-9037-3b61b5dcce04}</UniqueIdentifier>
    </Filter>
    <Filter Include="Devices\Sensors">
      <UniqueIdentifier>{37ca64a9-0cd3-4795-ba30-3ec27367abf5}</UniqueIdentifier>
    </Filter>
    <Filter Include="Math">
      <UniqueIdentifier>{b052e968-397e-4437-af82-ae858929bcc2}</UniqueIdentifier>
    </Filter>
    <Filter Include="Modes">
      <UniqueIdentifier>{72241536-c20c-4f18-83b9-6c0d6b133fb9}</UniqueIdentifier>
    </Filter>
    <Filter Include="Devices\Sensors\Drivers">
      <UniqueIdentifier>{206e0cc3-0aa8-426a-abc6-b6ef4f81a9f5}</UniqueIdentifier>
    </Filter>
    <Filter Include="Input">
      <UniqueIdentifier>{20521567-d6b5-488b-bb17-eeb9c843e712}</UniqueIdentifier>
    </Filter>
    <Filter Include="Graphics\Objects">
      <UniqueIdentifier>{876038b0-22b5-4044-919b-283b544f698a}</UniqueIdentifier>
    </Filter>
    <Filter Include="Graphics\Objects\2D">
      <UniqueIdentifier>{2cd3c85b-547a-4a1d-a9de-00c4f41a3c8b}</UniqueIdentifier>
    </Filter>
    <Filter Include="Graphics\Objects\2D\Interfaces">
      <UniqueIdentifier>{23192d1f-53a2-4a3b-ad24-54dfb54a16ed}</UniqueIdentifier>
    </Filter>
    <Filter Include="Graphics\Objects\2D\TextBoxes">
      <UniqueIdentifier>{a73bc7c2-c197-40c5-ae17-5056fe2aa12c}</UniqueIdentifier>
    </Filter>
    <Filter Include="Graphics\Objects\2D\BasicElements">
      <UniqueIdentifier>{b06126c3-fb20-43c5-9f36-be91221a418f}</UniqueIdentifier>
    </Filter>
    <Filter Include="Graphics\Objects\2D\Buttons">
      <UniqueIdentifier>{4ed0a644-0e7d-47ec-9cf7-300c6aab2c9b}</UniqueIdentifier>
    </Filter>
    <Filter Include="Graphics\Objects\2D\Graph">
      <UniqueIdentifier>{af01e006-597f-4807-81a5-62be057f2d89}</UniqueIdentifier>
    </Filter>
    <Filter Include="Graphics\Objects\3D">
      <UniqueIdentifier>{bc41179f-3bd6-4294-b22f-31bf5583526b}</UniqueIdentifier>
    </Filter>
    <Filter Include="Graphics\Objects\3D\Meshes">
      <UniqueIdentifier>{ceefda7f-1c4d-49c8-8810-74867a4a2205}</UniqueIdentifier>
    </Filter>
    <Filter Include="Graphics\Objects\3D\Elements">
      <UniqueIdentifier>{22fc892c-8527-4a62-a32d-6d357de372c8}</UniqueIdentifier>
    </Filter>
    <Filter Include="Graphics\Shaders">
      <UniqueIdentifier>{9187e1c9-45e8-43cf-97aa-9d3e7be5888d}</UniqueIdentifier>
    </Filter>
    <Filter Include="Math\SensorFusion">
      <UniqueIdentifier>{ce0ced81-1a99-4487-8dd7-aec0672e9044}</UniqueIdentifier>
    </Filter>
  </ItemGroup>
  <ItemGroup>
    <None Include="PropertySheet.props" />
    <None Include="packages.config" />
    <None Include="Graphics\Shaders\ConstantBuffers.hlsli">
      <Filter>Graphics\Shaders</Filter>
    </None>
  </ItemGroup>
  <ItemGroup>
    <Text Include="readme.txt" />
  </ItemGroup>
  <ItemGroup>
    <FxCompile Include="Graphics\Shaders\PixelShader.hlsl">
      <Filter>Graphics\Shaders</Filter>
    </FxCompile>
    <FxCompile Include="Graphics\Shaders\PixelShaderFlat.hlsl">
      <Filter>Graphics\Shaders</Filter>
    </FxCompile>
    <FxCompile Include="Graphics\Shaders\VertexShader.hlsl">
      <Filter>Graphics\Shaders</Filter>
    </FxCompile>
    <FxCompile Include="Graphics\Shaders\VertexShaderFlat.hlsl">
      <Filter>Graphics\Shaders</Filter>
    </FxCompile>
  </ItemGroup>
</Project>